
Microsoft Visual Studio Solution File, Format Version 12.00
# Visual Studio Version 16
VisualStudioVersion = 16.0.31410.357
MinimumVisualStudioVersion = 10.0.40219.1
Project("{FAE04EC0-301F-11D3-BF4B-00C04F79EFBC}") = "senai.salaDeAula.webApi", "senai.salaDeAula.webApi\senai.salaDeAula.webApi.csproj", "{AF392873-81EF-4793-BF97-0135D93DCF72}"
EndProject
Global
	GlobalSection(SolutionConfigurationPlatforms) = preSolution
		Debug|Any CPU = Debug|Any CPU
		Release|Any CPU = Release|Any CPU
	EndGlobalSection
	GlobalSection(ProjectConfigurationPlatforms) = postSolution
		{AF392873-81EF-4793-BF97-0135D93DCF72}.Debug|Any CPU.ActiveCfg = Debug|Any CPU
		{AF392873-81EF-4793-BF97-0135D93DCF72}.Debug|Any CPU.Build.0 = Debug|Any CPU
		{AF392873-81EF-4793-BF97-0135D93DCF72}.Release|Any CPU.ActiveCfg = Release|Any CPU
		{AF392873-81EF-4793-BF97-0135D93DCF72}.Release|Any CPU.Build.0 = Release|Any CPU
	EndGlobalSection
	GlobalSection(SolutionProperties) = preSolution
		HideSolutionNode = FALSE
	EndGlobalSection
	GlobalSection(ExtensibilityGlobals) = postSolution
		SolutionGuid = {59D74E39-DC02-4C31-91A0-33D348251948}
	EndGlobalSection
EndGlobal
