
Microsoft Visual Studio Solution File, Format Version 12.00
# Visual Studio Version 16
VisualStudioVersion = 16.0.31205.134
MinimumVisualStudioVersion = 10.0.40219.1
Project("{FAE04EC0-301F-11D3-BF4B-00C04F79EFBC}") = "senai.Projeto_Inicial.webApi", "senai.Projeto_Inicial.webApi\senai.Projeto_Inicial.webApi.csproj", "{D82330A9-E81D-4021-8482-2C63E8511693}"
EndProject
Global
	GlobalSection(SolutionConfigurationPlatforms) = preSolution
		Debug|Any CPU = Debug|Any CPU
		Release|Any CPU = Release|Any CPU
	EndGlobalSection
	GlobalSection(ProjectConfigurationPlatforms) = postSolution
		{D82330A9-E81D-4021-8482-2C63E8511693}.Debug|Any CPU.ActiveCfg = Debug|Any CPU
		{D82330A9-E81D-4021-8482-2C63E8511693}.Debug|Any CPU.Build.0 = Debug|Any CPU
		{D82330A9-E81D-4021-8482-2C63E8511693}.Release|Any CPU.ActiveCfg = Release|Any CPU
		{D82330A9-E81D-4021-8482-2C63E8511693}.Release|Any CPU.Build.0 = Release|Any CPU
	EndGlobalSection
	GlobalSection(SolutionProperties) = preSolution
		HideSolutionNode = FALSE
	EndGlobalSection
	GlobalSection(ExtensibilityGlobals) = postSolution
		SolutionGuid = {4280575C-6E23-4D3E-88C8-AB2368DAA49B}
	EndGlobalSection
EndGlobal
